// !$*UTF8*$!
{
	archiveVersion = 1;
	classes = {
	};
	objectVersion = 46;
	objects = {

/* Begin PBXBuildFile section */
		AF060EA01C878B22002AEDDC /* AddEventViewController.swift in Sources */ = {isa = PBXBuildFile; fileRef = AF060E9F1C878B22002AEDDC /* AddEventViewController.swift */; };
		C3306FB61C7F03E8000207AB /* ALView+PureLayout.m in Sources */ = {isa = PBXBuildFile; fileRef = C3306FAE1C7F03E8000207AB /* ALView+PureLayout.m */; };
		C3306FB71C7F03E8000207AB /* NSArray+PureLayout.m in Sources */ = {isa = PBXBuildFile; fileRef = C3306FB01C7F03E8000207AB /* NSArray+PureLayout.m */; };
		C3306FB81C7F03E8000207AB /* NSLayoutConstraint+PureLayout.m in Sources */ = {isa = PBXBuildFile; fileRef = C3306FB21C7F03E8000207AB /* NSLayoutConstraint+PureLayout.m */; };
		C36F5B2C1C8F6A8D00791E9F /* CalendarManager.swift in Sources */ = {isa = PBXBuildFile; fileRef = C36F5B2B1C8F6A8D00791E9F /* CalendarManager.swift */; };
		C36F5B2E1C90C16C00791E9F /* CircleIndicator.swift in Sources */ = {isa = PBXBuildFile; fileRef = C36F5B2D1C90C16C00791E9F /* CircleIndicator.swift */; };
		C3856F5F1C8E5AC00089B502 /* AddLocationViewController.swift in Sources */ = {isa = PBXBuildFile; fileRef = C3856F5E1C8E5AC00089B502 /* AddLocationViewController.swift */; };
		C3856F611C8E5FC60089B502 /* EventView.swift in Sources */ = {isa = PBXBuildFile; fileRef = C3856F601C8E5FC60089B502 /* EventView.swift */; };
		C388D0801C93890700D82E4D /* TwoButtonOnBottom.swift in Sources */ = {isa = PBXBuildFile; fileRef = C388D07F1C93890700D82E4D /* TwoButtonOnBottom.swift */; };
		C393CD6F1C8D41A100285F39 /* CalendarEventCell.swift in Sources */ = {isa = PBXBuildFile; fileRef = C393CD6E1C8D41A100285F39 /* CalendarEventCell.swift */; };
		C393CD731C8D435200285F39 /* CalendarDateCell.swift in Sources */ = {isa = PBXBuildFile; fileRef = C393CD721C8D435200285F39 /* CalendarDateCell.swift */; };
		C3CFFA741C7CF8230061E7B6 /* AppDelegate.swift in Sources */ = {isa = PBXBuildFile; fileRef = C3CFFA731C7CF8230061E7B6 /* AppDelegate.swift */; };
		C3CFFA761C7CF8230061E7B6 /* ViewController.swift in Sources */ = {isa = PBXBuildFile; fileRef = C3CFFA751C7CF8230061E7B6 /* ViewController.swift */; };
		C3CFFA791C7CF8230061E7B6 /* Main.storyboard in Resources */ = {isa = PBXBuildFile; fileRef = C3CFFA771C7CF8230061E7B6 /* Main.storyboard */; };
		C3CFFA7B1C7CF8230061E7B6 /* Assets.xcassets in Resources */ = {isa = PBXBuildFile; fileRef = C3CFFA7A1C7CF8230061E7B6 /* Assets.xcassets */; };
		C3CFFA7E1C7CF8230061E7B6 /* LaunchScreen.storyboard in Resources */ = {isa = PBXBuildFile; fileRef = C3CFFA7C1C7CF8230061E7B6 /* LaunchScreen.storyboard */; };
		C3CFFA861C7CF8460061E7B6 /* LocationManager.swift in Sources */ = {isa = PBXBuildFile; fileRef = C3CFFA851C7CF8460061E7B6 /* LocationManager.swift */; };
		C3E8B5FA1C86E0B500C0D535 /* NavButton.swift in Sources */ = {isa = PBXBuildFile; fileRef = C3E8B5F91C86E0B500C0D535 /* NavButton.swift */; };
/* End PBXBuildFile section */

/* Begin PBXFileReference section */
		AF060E9F1C878B22002AEDDC /* AddEventViewController.swift */ = {isa = PBXFileReference; fileEncoding = 4; lastKnownFileType = sourcecode.swift; path = AddEventViewController.swift; sourceTree = "<group>"; };
		C3306FAC1C7F0223000207AB /* LoCal-Bridging-Header.h */ = {isa = PBXFileReference; fileEncoding = 4; lastKnownFileType = sourcecode.c.h; path = "LoCal-Bridging-Header.h"; sourceTree = "<group>"; };
		C3306FAD1C7F03E8000207AB /* ALView+PureLayout.h */ = {isa = PBXFileReference; fileEncoding = 4; lastKnownFileType = sourcecode.c.h; path = "ALView+PureLayout.h"; sourceTree = "<group>"; };
		C3306FAE1C7F03E8000207AB /* ALView+PureLayout.m */ = {isa = PBXFileReference; fileEncoding = 4; lastKnownFileType = sourcecode.c.objc; path = "ALView+PureLayout.m"; sourceTree = "<group>"; };
		C3306FAF1C7F03E8000207AB /* NSArray+PureLayout.h */ = {isa = PBXFileReference; fileEncoding = 4; lastKnownFileType = sourcecode.c.h; path = "NSArray+PureLayout.h"; sourceTree = "<group>"; };
		C3306FB01C7F03E8000207AB /* NSArray+PureLayout.m */ = {isa = PBXFileReference; fileEncoding = 4; lastKnownFileType = sourcecode.c.objc; path = "NSArray+PureLayout.m"; sourceTree = "<group>"; };
		C3306FB11C7F03E8000207AB /* NSLayoutConstraint+PureLayout.h */ = {isa = PBXFileReference; fileEncoding = 4; lastKnownFileType = sourcecode.c.h; path = "NSLayoutConstraint+PureLayout.h"; sourceTree = "<group>"; };
		C3306FB21C7F03E8000207AB /* NSLayoutConstraint+PureLayout.m */ = {isa = PBXFileReference; fileEncoding = 4; lastKnownFileType = sourcecode.c.objc; path = "NSLayoutConstraint+PureLayout.m"; sourceTree = "<group>"; };
		C3306FB31C7F03E8000207AB /* PureLayout.h */ = {isa = PBXFileReference; fileEncoding = 4; lastKnownFileType = sourcecode.c.h; path = PureLayout.h; sourceTree = "<group>"; };
		C3306FB41C7F03E8000207AB /* PureLayout+Internal.h */ = {isa = PBXFileReference; fileEncoding = 4; lastKnownFileType = sourcecode.c.h; path = "PureLayout+Internal.h"; sourceTree = "<group>"; };
		C3306FB51C7F03E8000207AB /* PureLayoutDefines.h */ = {isa = PBXFileReference; fileEncoding = 4; lastKnownFileType = sourcecode.c.h; path = PureLayoutDefines.h; sourceTree = "<group>"; };
		C36F5B2B1C8F6A8D00791E9F /* CalendarManager.swift */ = {isa = PBXFileReference; fileEncoding = 4; lastKnownFileType = sourcecode.swift; path = CalendarManager.swift; sourceTree = "<group>"; };
		C36F5B2D1C90C16C00791E9F /* CircleIndicator.swift */ = {isa = PBXFileReference; fileEncoding = 4; lastKnownFileType = sourcecode.swift; path = CircleIndicator.swift; sourceTree = "<group>"; };
		C3856F5E1C8E5AC00089B502 /* AddLocationViewController.swift */ = {isa = PBXFileReference; fileEncoding = 4; lastKnownFileType = sourcecode.swift; path = AddLocationViewController.swift; sourceTree = "<group>"; };
		C3856F601C8E5FC60089B502 /* EventView.swift */ = {isa = PBXFileReference; fileEncoding = 4; lastKnownFileType = sourcecode.swift; path = EventView.swift; sourceTree = "<group>"; };
		C388D07F1C93890700D82E4D /* TwoButtonOnBottom.swift */ = {isa = PBXFileReference; fileEncoding = 4; lastKnownFileType = sourcecode.swift; path = TwoButtonOnBottom.swift; sourceTree = "<group>"; };
		C393CD6E1C8D41A100285F39 /* CalendarEventCell.swift */ = {isa = PBXFileReference; fileEncoding = 4; lastKnownFileType = sourcecode.swift; path = CalendarEventCell.swift; sourceTree = "<group>"; };
		C393CD721C8D435200285F39 /* CalendarDateCell.swift */ = {isa = PBXFileReference; fileEncoding = 4; lastKnownFileType = sourcecode.swift; path = CalendarDateCell.swift; sourceTree = "<group>"; };
		C3CFFA701C7CF8220061E7B6 /* LoCal.app */ = {isa = PBXFileReference; explicitFileType = wrapper.application; includeInIndex = 0; path = LoCal.app; sourceTree = BUILT_PRODUCTS_DIR; };
		C3CFFA731C7CF8230061E7B6 /* AppDelegate.swift */ = {isa = PBXFileReference; lastKnownFileType = sourcecode.swift; path = AppDelegate.swift; sourceTree = "<group>"; };
		C3CFFA751C7CF8230061E7B6 /* ViewController.swift */ = {isa = PBXFileReference; lastKnownFileType = sourcecode.swift; path = ViewController.swift; sourceTree = "<group>"; };
		C3CFFA781C7CF8230061E7B6 /* Base */ = {isa = PBXFileReference; lastKnownFileType = file.storyboard; name = Base; path = Base.lproj/Main.storyboard; sourceTree = "<group>"; };
		C3CFFA7A1C7CF8230061E7B6 /* Assets.xcassets */ = {isa = PBXFileReference; lastKnownFileType = folder.assetcatalog; path = Assets.xcassets; sourceTree = "<group>"; };
		C3CFFA7D1C7CF8230061E7B6 /* Base */ = {isa = PBXFileReference; lastKnownFileType = file.storyboard; name = Base; path = Base.lproj/LaunchScreen.storyboard; sourceTree = "<group>"; };
		C3CFFA7F1C7CF8230061E7B6 /* Info.plist */ = {isa = PBXFileReference; lastKnownFileType = text.plist.xml; path = Info.plist; sourceTree = "<group>"; };
		C3CFFA851C7CF8460061E7B6 /* LocationManager.swift */ = {isa = PBXFileReference; fileEncoding = 4; lastKnownFileType = sourcecode.swift; path = LocationManager.swift; sourceTree = "<group>"; };
		C3E8B5F91C86E0B500C0D535 /* NavButton.swift */ = {isa = PBXFileReference; fileEncoding = 4; lastKnownFileType = sourcecode.swift; path = NavButton.swift; sourceTree = "<group>"; };
/* End PBXFileReference section */

/* Begin PBXFrameworksBuildPhase section */
		C3CFFA6D1C7CF8220061E7B6 /* Frameworks */ = {
			isa = PBXFrameworksBuildPhase;
			buildActionMask = 2147483647;
			files = (
			);
			runOnlyForDeploymentPostprocessing = 0;
		};
/* End PBXFrameworksBuildPhase section */

/* Begin PBXGroup section */
		C3306FBA1C7F043D000207AB /* PureLayout */ = {
			isa = PBXGroup;
			children = (
				C3306FAD1C7F03E8000207AB /* ALView+PureLayout.h */,
				C3306FAE1C7F03E8000207AB /* ALView+PureLayout.m */,
				C3306FAF1C7F03E8000207AB /* NSArray+PureLayout.h */,
				C3306FB01C7F03E8000207AB /* NSArray+PureLayout.m */,
				C3306FB11C7F03E8000207AB /* NSLayoutConstraint+PureLayout.h */,
				C3306FB21C7F03E8000207AB /* NSLayoutConstraint+PureLayout.m */,
				C3306FB31C7F03E8000207AB /* PureLayout.h */,
				C3306FB41C7F03E8000207AB /* PureLayout+Internal.h */,
				C3306FB51C7F03E8000207AB /* PureLayoutDefines.h */,
			);
			name = PureLayout;
			sourceTree = "<group>";
		};
		C3CFFA671C7CF8220061E7B6 = {
			isa = PBXGroup;
			children = (
				C3306FAC1C7F0223000207AB /* LoCal-Bridging-Header.h */,
				C3CFFA721C7CF8230061E7B6 /* LoCal */,
				C3CFFA711C7CF8220061E7B6 /* Products */,
			);
			sourceTree = "<group>";
		};
		C3CFFA711C7CF8220061E7B6 /* Products */ = {
			isa = PBXGroup;
			children = (
				C3CFFA701C7CF8220061E7B6 /* LoCal.app */,
			);
			name = Products;
			sourceTree = "<group>";
		};
		C3CFFA721C7CF8230061E7B6 /* LoCal */ = {
			isa = PBXGroup;
			children = (
				C3306FBA1C7F043D000207AB /* PureLayout */,
				C3CFFA731C7CF8230061E7B6 /* AppDelegate.swift */,
				C3CFFA751C7CF8230061E7B6 /* ViewController.swift */,
				C36F5B2B1C8F6A8D00791E9F /* CalendarManager.swift */,
				C3856F601C8E5FC60089B502 /* EventView.swift */,
				C36F5B2D1C90C16C00791E9F /* CircleIndicator.swift */,
				C393CD6E1C8D41A100285F39 /* CalendarEventCell.swift */,
				C393CD721C8D435200285F39 /* CalendarDateCell.swift */,
				C3E8B5F91C86E0B500C0D535 /* NavButton.swift */,
				C3CFFA851C7CF8460061E7B6 /* LocationManager.swift */,
				C3CFFA771C7CF8230061E7B6 /* Main.storyboard */,
				C3CFFA7A1C7CF8230061E7B6 /* Assets.xcassets */,
				C3CFFA7C1C7CF8230061E7B6 /* LaunchScreen.storyboard */,
				C3CFFA7F1C7CF8230061E7B6 /* Info.plist */,
				AF060E9F1C878B22002AEDDC /* AddEventViewController.swift */,
				C3856F5E1C8E5AC00089B502 /* AddLocationViewController.swift */,
				C388D07F1C93890700D82E4D /* TwoButtonOnBottom.swift */,
			);
			path = LoCal;
			sourceTree = "<group>";
		};
/* End PBXGroup section */

/* Begin PBXNativeTarget section */
		C3CFFA6F1C7CF8220061E7B6 /* LoCal */ = {
			isa = PBXNativeTarget;
			buildConfigurationList = C3CFFA821C7CF8230061E7B6 /* Build configuration list for PBXNativeTarget "LoCal" */;
			buildPhases = (
				C3CFFA6C1C7CF8220061E7B6 /* Sources */,
				C3CFFA6D1C7CF8220061E7B6 /* Frameworks */,
				C3CFFA6E1C7CF8220061E7B6 /* Resources */,
			);
			buildRules = (
			);
			dependencies = (
			);
			name = LoCal;
			productName = LoCal;
			productReference = C3CFFA701C7CF8220061E7B6 /* LoCal.app */;
			productType = "com.apple.product-type.application";
		};
/* End PBXNativeTarget section */

/* Begin PBXProject section */
		C3CFFA681C7CF8220061E7B6 /* Project object */ = {
			isa = PBXProject;
			attributes = {
				LastSwiftUpdateCheck = 0720;
				LastUpgradeCheck = 0720;
				ORGANIZATIONNAME = Skysoft;
				TargetAttributes = {
					C3CFFA6F1C7CF8220061E7B6 = {
						CreatedOnToolsVersion = 7.2.1;
						DevelopmentTeam = P537ZEA4SP;
						SystemCapabilities = {
							com.apple.BackgroundModes = {
								enabled = 1;
							};
							com.apple.Maps.iOS = {
								enabled = 0;
							};
						};
					};
				};
			};
			buildConfigurationList = C3CFFA6B1C7CF8220061E7B6 /* Build configuration list for PBXProject "LoCal" */;
			compatibilityVersion = "Xcode 3.2";
			developmentRegion = English;
			hasScannedForEncodings = 0;
			knownRegions = (
				en,
				Base,
			);
			mainGroup = C3CFFA671C7CF8220061E7B6;
			productRefGroup = C3CFFA711C7CF8220061E7B6 /* Products */;
			projectDirPath = "";
			projectRoot = "";
			targets = (
				C3CFFA6F1C7CF8220061E7B6 /* LoCal */,
			);
		};
/* End PBXProject section */

/* Begin PBXResourcesBuildPhase section */
		C3CFFA6E1C7CF8220061E7B6 /* Resources */ = {
			isa = PBXResourcesBuildPhase;
			buildActionMask = 2147483647;
			files = (
				C3CFFA7E1C7CF8230061E7B6 /* LaunchScreen.storyboard in Resources */,
				C3CFFA7B1C7CF8230061E7B6 /* Assets.xcassets in Resources */,
				C3CFFA791C7CF8230061E7B6 /* Main.storyboard in Resources */,
			);
			runOnlyForDeploymentPostprocessing = 0;
		};
/* End PBXResourcesBuildPhase section */

/* Begin PBXSourcesBuildPhase section */
		C3CFFA6C1C7CF8220061E7B6 /* Sources */ = {
			isa = PBXSourcesBuildPhase;
			buildActionMask = 2147483647;
			files = (
				C393CD6F1C8D41A100285F39 /* CalendarEventCell.swift in Sources */,
				C393CD731C8D435200285F39 /* CalendarDateCell.swift in Sources */,
				C3CFFA761C7CF8230061E7B6 /* ViewController.swift in Sources */,
				C3856F611C8E5FC60089B502 /* EventView.swift in Sources */,
				AF060EA01C878B22002AEDDC /* AddEventViewController.swift in Sources */,
				C3CFFA741C7CF8230061E7B6 /* AppDelegate.swift in Sources */,
				C3856F5F1C8E5AC00089B502 /* AddLocationViewController.swift in Sources */,
				C3CFFA861C7CF8460061E7B6 /* LocationManager.swift in Sources */,
				C3306FB61C7F03E8000207AB /* ALView+PureLayout.m in Sources */,
				C36F5B2E1C90C16C00791E9F /* CircleIndicator.swift in Sources */,
				C388D0801C93890700D82E4D /* TwoButtonOnBottom.swift in Sources */,
				C3306FB71C7F03E8000207AB /* NSArray+PureLayout.m in Sources */,
				C3306FB81C7F03E8000207AB /* NSLayoutConstraint+PureLayout.m in Sources */,
				C3E8B5FA1C86E0B500C0D535 /* NavButton.swift in Sources */,
				C36F5B2C1C8F6A8D00791E9F /* CalendarManager.swift in Sources */,
			);
			runOnlyForDeploymentPostprocessing = 0;
		};
/* End PBXSourcesBuildPhase section */

/* Begin PBXVariantGroup section */
		C3CFFA771C7CF8230061E7B6 /* Main.storyboard */ = {
			isa = PBXVariantGroup;
			children = (
				C3CFFA781C7CF8230061E7B6 /* Base */,
			);
			name = Main.storyboard;
			sourceTree = "<group>";
		};
		C3CFFA7C1C7CF8230061E7B6 /* LaunchScreen.storyboard */ = {
			isa = PBXVariantGroup;
			children = (
				C3CFFA7D1C7CF8230061E7B6 /* Base */,
			);
			name = LaunchScreen.storyboard;
			sourceTree = "<group>";
		};
/* End PBXVariantGroup section */

/* Begin XCBuildConfiguration section */
		C3CFFA801C7CF8230061E7B6 /* Debug */ = {
			isa = XCBuildConfiguration;
			buildSettings = {
				ALWAYS_SEARCH_USER_PATHS = NO;
				CLANG_CXX_LANGUAGE_STANDARD = "gnu++0x";
				CLANG_CXX_LIBRARY = "libc++";
				CLANG_ENABLE_MODULES = YES;
				CLANG_ENABLE_OBJC_ARC = YES;
				CLANG_WARN_BOOL_CONVERSION = YES;
				CLANG_WARN_CONSTANT_CONVERSION = YES;
				CLANG_WARN_DIRECT_OBJC_ISA_USAGE = YES_ERROR;
				CLANG_WARN_EMPTY_BODY = YES;
				CLANG_WARN_ENUM_CONVERSION = YES;
				CLANG_WARN_INT_CONVERSION = YES;
				CLANG_WARN_OBJC_ROOT_CLASS = YES_ERROR;
				CLANG_WARN_UNREACHABLE_CODE = YES;
				CLANG_WARN__DUPLICATE_METHOD_MATCH = YES;
				"CODE_SIGN_IDENTITY[sdk=iphoneos*]" = "iPhone Developer";
				COPY_PHASE_STRIP = NO;
				DEBUG_INFORMATION_FORMAT = dwarf;
				ENABLE_STRICT_OBJC_MSGSEND = YES;
				ENABLE_TESTABILITY = YES;
				GCC_C_LANGUAGE_STANDARD = gnu99;
				GCC_DYNAMIC_NO_PIC = NO;
				GCC_NO_COMMON_BLOCKS = YES;
				GCC_OPTIMIZATION_LEVEL = 0;
				GCC_PREPROCESSOR_DEFINITIONS = (
					"DEBUG=1",
					"$(inherited)",
				);
				GCC_WARN_64_TO_32_BIT_CONVERSION = YES;
				GCC_WARN_ABOUT_RETURN_TYPE = YES_ERROR;
				GCC_WARN_UNDECLARED_SELECTOR = YES;
				GCC_WARN_UNINITIALIZED_AUTOS = YES_AGGRESSIVE;
				GCC_WARN_UNUSED_FUNCTION = YES;
				GCC_WARN_UNUSED_VARIABLE = YES;
				IPHONEOS_DEPLOYMENT_TARGET = 9.2;
				MTL_ENABLE_DEBUG_INFO = YES;
				ONLY_ACTIVE_ARCH = YES;
				SDKROOT = iphoneos;
				SWIFT_OPTIMIZATION_LEVEL = "-Onone";
			};
			name = Debug;
		};
		C3CFFA811C7CF8230061E7B6 /* Release */ = {
			isa = XCBuildConfiguration;
			buildSettings = {
				ALWAYS_SEARCH_USER_PATHS = NO;
				CLANG_CXX_LANGUAGE_STANDARD = "gnu++0x";
				CLANG_CXX_LIBRARY = "libc++";
				CLANG_ENABLE_MODULES = YES;
				CLANG_ENABLE_OBJC_ARC = YES;
				CLANG_WARN_BOOL_CONVERSION = YES;
				CLANG_WARN_CONSTANT_CONVERSION = YES;
				CLANG_WARN_DIRECT_OBJC_ISA_USAGE = YES_ERROR;
				CLANG_WARN_EMPTY_BODY = YES;
				CLANG_WARN_ENUM_CONVERSION = YES;
				CLANG_WARN_INT_CONVERSION = YES;
				CLANG_WARN_OBJC_ROOT_CLASS = YES_ERROR;
				CLANG_WARN_UNREACHABLE_CODE = YES;
				CLANG_WARN__DUPLICATE_METHOD_MATCH = YES;
				"CODE_SIGN_IDENTITY[sdk=iphoneos*]" = "iPhone Developer";
				COPY_PHASE_STRIP = NO;
				DEBUG_INFORMATION_FORMAT = "dwarf-with-dsym";
				ENABLE_NS_ASSERTIONS = NO;
				ENABLE_STRICT_OBJC_MSGSEND = YES;
				GCC_C_LANGUAGE_STANDARD = gnu99;
				GCC_NO_COMMON_BLOCKS = YES;
				GCC_WARN_64_TO_32_BIT_CONVERSION = YES;
				GCC_WARN_ABOUT_RETURN_TYPE = YES_ERROR;
				GCC_WARN_UNDECLARED_SELECTOR = YES;
				GCC_WARN_UNINITIALIZED_AUTOS = YES_AGGRESSIVE;
				GCC_WARN_UNUSED_FUNCTION = YES;
				GCC_WARN_UNUSED_VARIABLE = YES;
				IPHONEOS_DEPLOYMENT_TARGET = 9.2;
				MTL_ENABLE_DEBUG_INFO = NO;
				SDKROOT = iphoneos;
				VALIDATE_PRODUCT = YES;
			};
			name = Release;
		};
		C3CFFA831C7CF8230061E7B6 /* Debug */ = {
			isa = XCBuildConfiguration;
			buildSettings = {
				ASSETCATALOG_COMPILER_APPICON_NAME = AppIcon;
				CODE_SIGN_IDENTITY = "iPhone Developer";
				"CODE_SIGN_IDENTITY[sdk=iphoneos*]" = "iPhone Developer";
				INFOPLIST_FILE = LoCal/Info.plist;
				LD_RUNPATH_SEARCH_PATHS = "$(inherited) @executable_path/Frameworks";
				PRODUCT_BUNDLE_IDENTIFIER = "Drew-Roberts";
				PRODUCT_NAME = "$(TARGET_NAME)";
				PROVISIONING_PROFILE = "";
				SWIFT_OBJC_BRIDGING_HEADER = "LoCal-Bridging-Header.h";
			};
			name = Debug;
		};
		C3CFFA841C7CF8230061E7B6 /* Release */ = {
			isa = XCBuildConfiguration;
			buildSettings = {
				ASSETCATALOG_COMPILER_APPICON_NAME = AppIcon;
				CODE_SIGN_IDENTITY = "iPhone Developer";
				"CODE_SIGN_IDENTITY[sdk=iphoneos*]" = "iPhone Developer";
				INFOPLIST_FILE = LoCal/Info.plist;
				LD_RUNPATH_SEARCH_PATHS = "$(inherited) @executable_path/Frameworks";
				PRODUCT_BUNDLE_IDENTIFIER = "Drew-Roberts";
				PRODUCT_NAME = "$(TARGET_NAME)";
				PROVISIONING_PROFILE = "";
				SWIFT_OBJC_BRIDGING_HEADER = "LoCal-Bridging-Header.h";
			};
			name = Release;
		};
/* End XCBuildConfiguration section */

/* Begin XCConfigurationList section */
		C3CFFA6B1C7CF8220061E7B6 /* Build configuration list for PBXProject "LoCal" */ = {
			isa = XCConfigurationList;
			buildConfigurations = (
				C3CFFA801C7CF8230061E7B6 /* Debug */,
				C3CFFA811C7CF8230061E7B6 /* Release */,
			);
			defaultConfigurationIsVisible = 0;
			defaultConfigurationName = Release;
		};
		C3CFFA821C7CF8230061E7B6 /* Build configuration list for PBXNativeTarget "LoCal" */ = {
			isa = XCConfigurationList;
			buildConfigurations = (
				C3CFFA831C7CF8230061E7B6 /* Debug */,
				C3CFFA841C7CF8230061E7B6 /* Release */,
			);
			defaultConfigurationIsVisible = 0;
			defaultConfigurationName = Release;
		};
/* End XCConfigurationList section */
	};
	rootObject = C3CFFA681C7CF8220061E7B6 /* Project object */;
}
