<?xml version="1.0" encoding="UTF-8"?>
<!DOCTYPE plist PUBLIC "-//Apple//DTD PLIST 1.0//EN" "http://www.apple.com/DTDs/PropertyList-1.0.dtd">
<plist version="1.0">
<dict>
	<key>archiveVersion</key>
	<string>1</string>
	<key>classes</key>
	<dict/>
	<key>objectVersion</key>
	<string>46</string>
	<key>objects</key>
	<dict>
		<key>0D4D74982B2B3EE0A537978A</key>
		<dict>
			<key>explicitFileType</key>
			<string>archive.ar</string>
			<key>includeInIndex</key>
			<string>0</string>
			<key>isa</key>
			<string>PBXFileReference</string>
			<key>path</key>
			<string>libPods.a</string>
			<key>sourceTree</key>
			<string>BUILT_PRODUCTS_DIR</string>
		</dict>
		<key>11EF0652FE716C91E5D9DB88</key>
		<dict>
			<key>includeInIndex</key>
			<string>1</string>
			<key>isa</key>
			<string>PBXFileReference</string>
			<key>lastKnownFileType</key>
			<string>text.xcconfig</string>
			<key>name</key>
			<string>Pods.debug.xcconfig</string>
			<key>path</key>
			<string>Pods/Target Support Files/Pods/Pods.debug.xcconfig</string>
			<key>sourceTree</key>
			<string>&lt;group&gt;</string>
		</dict>
		<key>4764DD8962170C3802DCFC9D</key>
		<dict>
			<key>children</key>
			<array>
				<string>C30295FA1CBCC56F005D6CD9</string>
				<string>C30295F71CBCC51E005D6CD9</string>
				<string>C30295F31CBCBDF9005D6CD9</string>
				<string>C30295F11CBCBDEB005D6CD9</string>
				<string>C30295EF1CBCBDDF005D6CD9</string>
				<string>C30295ED1CBCBDD4005D6CD9</string>
				<string>C30295C51CBCBD95005D6CD9</string>
				<string>C30295C61CBCBD95005D6CD9</string>
				<string>C30295C71CBCBD95005D6CD9</string>
				<string>C30295C81CBCBD95005D6CD9</string>
				<string>C30295C91CBCBD95005D6CD9</string>
				<string>C30295CA1CBCBD95005D6CD9</string>
				<string>C30295CB1CBCBD95005D6CD9</string>
				<string>C30295CC1CBCBD95005D6CD9</string>
				<string>C30295CD1CBCBD95005D6CD9</string>
				<string>C30295CE1CBCBD95005D6CD9</string>
				<string>C30295CF1CBCBD95005D6CD9</string>
				<string>C30295D01CBCBD95005D6CD9</string>
				<string>C30295D11CBCBD95005D6CD9</string>
				<string>C30295D21CBCBD95005D6CD9</string>
				<string>C30295D31CBCBD95005D6CD9</string>
				<string>C30295D41CBCBD95005D6CD9</string>
				<string>C30295D51CBCBD95005D6CD9</string>
				<string>C30295D61CBCBD95005D6CD9</string>
				<string>0D4D74982B2B3EE0A537978A</string>
			</array>
			<key>isa</key>
			<string>PBXGroup</string>
			<key>name</key>
			<string>Frameworks</string>
			<key>sourceTree</key>
			<string>&lt;group&gt;</string>
		</dict>
		<key>68F4E437CA21888901F9D2E2</key>
		<dict>
			<key>includeInIndex</key>
			<string>1</string>
			<key>isa</key>
			<string>PBXFileReference</string>
			<key>lastKnownFileType</key>
			<string>text.xcconfig</string>
			<key>name</key>
			<string>Pods.release.xcconfig</string>
			<key>path</key>
			<string>Pods/Target Support Files/Pods/Pods.release.xcconfig</string>
			<key>sourceTree</key>
			<string>&lt;group&gt;</string>
		</dict>
		<key>7A8C49071894B7426FE4D641</key>
		<dict>
			<key>fileRef</key>
			<string>0D4D74982B2B3EE0A537978A</string>
			<key>isa</key>
			<string>PBXBuildFile</string>
		</dict>
		<key>804350686EFCBDB4DE0C952D</key>
		<dict>
			<key>buildActionMask</key>
			<string>2147483647</string>
			<key>files</key>
			<array/>
			<key>inputPaths</key>
			<array/>
			<key>isa</key>
			<string>PBXShellScriptBuildPhase</string>
			<key>name</key>
			<string>Copy Pods Resources</string>
			<key>outputPaths</key>
			<array/>
			<key>runOnlyForDeploymentPostprocessing</key>
			<string>0</string>
			<key>shellPath</key>
			<string>/bin/sh</string>
			<key>shellScript</key>
			<string>"${SRCROOT}/Pods/Target Support Files/Pods/Pods-resources.sh"
</string>
			<key>showEnvVarsInLog</key>
			<string>0</string>
		</dict>
		<key>9C30BB68E7CE4E7FAE066752</key>
		<dict>
			<key>buildActionMask</key>
			<string>2147483647</string>
			<key>files</key>
			<array/>
			<key>inputPaths</key>
			<array/>
			<key>isa</key>
			<string>PBXShellScriptBuildPhase</string>
			<key>name</key>
			<string>Embed Pods Frameworks</string>
			<key>outputPaths</key>
			<array/>
			<key>runOnlyForDeploymentPostprocessing</key>
			<string>0</string>
			<key>shellPath</key>
			<string>/bin/sh</string>
			<key>shellScript</key>
			<string>"${SRCROOT}/Pods/Target Support Files/Pods/Pods-frameworks.sh"
</string>
			<key>showEnvVarsInLog</key>
			<string>0</string>
		</dict>
		<key>A61A422440309147B8449AFB</key>
		<dict>
			<key>buildActionMask</key>
			<string>2147483647</string>
			<key>files</key>
			<array/>
			<key>inputPaths</key>
			<array/>
			<key>isa</key>
			<string>PBXShellScriptBuildPhase</string>
			<key>name</key>
			<string>Check Pods Manifest.lock</string>
			<key>outputPaths</key>
			<array/>
			<key>runOnlyForDeploymentPostprocessing</key>
			<string>0</string>
			<key>shellPath</key>
			<string>/bin/sh</string>
			<key>shellScript</key>
			<string>diff "${PODS_ROOT}/../Podfile.lock" "${PODS_ROOT}/Manifest.lock" &gt; /dev/null
if [[ $? != 0 ]] ; then
    cat &lt;&lt; EOM
error: The sandbox is not in sync with the Podfile.lock. Run 'pod install' or update your CocoaPods installation.
EOM
    exit 1
fi
</string>
			<key>showEnvVarsInLog</key>
			<string>0</string>
		</dict>
		<key>AF060E9F1C878B22002AEDDC</key>
		<dict>
			<key>fileEncoding</key>
			<string>4</string>
			<key>isa</key>
			<string>PBXFileReference</string>
			<key>lastKnownFileType</key>
			<string>sourcecode.swift</string>
			<key>path</key>
			<string>AddEventViewController.swift</string>
			<key>sourceTree</key>
			<string>&lt;group&gt;</string>
		</dict>
		<key>AF060EA01C878B22002AEDDC</key>
		<dict>
			<key>fileRef</key>
			<string>AF060E9F1C878B22002AEDDC</string>
			<key>isa</key>
			<string>PBXBuildFile</string>
		</dict>
		<key>C30295C51CBCBD95005D6CD9</key>
		<dict>
			<key>isa</key>
			<string>PBXFileReference</string>
			<key>lastKnownFileType</key>
			<string>wrapper.framework</string>
			<key>name</key>
			<string>AWSAPIGateway.framework</string>
			<key>path</key>
			<string>../../../../../../../../Downloads/aws-ios-sdk-2.3.6/frameworks/AWSAPIGateway.framework</string>
			<key>sourceTree</key>
			<string>&lt;group&gt;</string>
		</dict>
		<key>C30295C61CBCBD95005D6CD9</key>
		<dict>
			<key>isa</key>
			<string>PBXFileReference</string>
			<key>lastKnownFileType</key>
			<string>wrapper.framework</string>
			<key>name</key>
			<string>AWSAutoScaling.framework</string>
			<key>path</key>
			<string>../../../../../../../../Downloads/aws-ios-sdk-2.3.6/frameworks/AWSAutoScaling.framework</string>
			<key>sourceTree</key>
			<string>&lt;group&gt;</string>
		</dict>
		<key>C30295C71CBCBD95005D6CD9</key>
		<dict>
			<key>isa</key>
			<string>PBXFileReference</string>
			<key>lastKnownFileType</key>
			<string>wrapper.framework</string>
			<key>name</key>
			<string>AWSCloudWatch.framework</string>
			<key>path</key>
			<string>../../../../../../../../Downloads/aws-ios-sdk-2.3.6/frameworks/AWSCloudWatch.framework</string>
			<key>sourceTree</key>
			<string>&lt;group&gt;</string>
		</dict>
		<key>C30295C81CBCBD95005D6CD9</key>
		<dict>
			<key>isa</key>
			<string>PBXFileReference</string>
			<key>lastKnownFileType</key>
			<string>wrapper.framework</string>
			<key>name</key>
			<string>AWSCore.framework</string>
			<key>path</key>
			<string>../../../../../../../../Downloads/aws-ios-sdk-2.3.6/frameworks/AWSCore.framework</string>
			<key>sourceTree</key>
			<string>&lt;group&gt;</string>
		</dict>
		<key>C30295C91CBCBD95005D6CD9</key>
		<dict>
			<key>isa</key>
			<string>PBXFileReference</string>
			<key>lastKnownFileType</key>
			<string>wrapper.framework</string>
			<key>name</key>
			<string>AWSDynamoDB.framework</string>
			<key>path</key>
			<string>../../../../../../../../Downloads/aws-ios-sdk-2.3.6/frameworks/AWSDynamoDB.framework</string>
			<key>sourceTree</key>
			<string>&lt;group&gt;</string>
		</dict>
		<key>C30295CA1CBCBD95005D6CD9</key>
		<dict>
			<key>isa</key>
			<string>PBXFileReference</string>
			<key>lastKnownFileType</key>
			<string>wrapper.framework</string>
			<key>name</key>
			<string>AWSEC2.framework</string>
			<key>path</key>
			<string>../../../../../../../../Downloads/aws-ios-sdk-2.3.6/frameworks/AWSEC2.framework</string>
			<key>sourceTree</key>
			<string>&lt;group&gt;</string>
		</dict>
		<key>C30295CB1CBCBD95005D6CD9</key>
		<dict>
			<key>isa</key>
			<string>PBXFileReference</string>
			<key>lastKnownFileType</key>
			<string>wrapper.framework</string>
			<key>name</key>
			<string>AWSElasticLoadBalancing.framework</string>
			<key>path</key>
			<string>../../../../../../../../Downloads/aws-ios-sdk-2.3.6/frameworks/AWSElasticLoadBalancing.framework</string>
			<key>sourceTree</key>
			<string>&lt;group&gt;</string>
		</dict>
		<key>C30295CC1CBCBD95005D6CD9</key>
		<dict>
			<key>isa</key>
			<string>PBXFileReference</string>
			<key>lastKnownFileType</key>
			<string>wrapper.framework</string>
			<key>name</key>
			<string>AWSIoT.framework</string>
			<key>path</key>
			<string>../../../../../../../../Downloads/aws-ios-sdk-2.3.6/frameworks/AWSIoT.framework</string>
			<key>sourceTree</key>
			<string>&lt;group&gt;</string>
		</dict>
		<key>C30295CD1CBCBD95005D6CD9</key>
		<dict>
			<key>isa</key>
			<string>PBXFileReference</string>
			<key>lastKnownFileType</key>
			<string>wrapper.framework</string>
			<key>name</key>
			<string>AWSKinesis.framework</string>
			<key>path</key>
			<string>../../../../../../../../Downloads/aws-ios-sdk-2.3.6/frameworks/AWSKinesis.framework</string>
			<key>sourceTree</key>
			<string>&lt;group&gt;</string>
		</dict>
		<key>C30295CE1CBCBD95005D6CD9</key>
		<dict>
			<key>isa</key>
			<string>PBXFileReference</string>
			<key>lastKnownFileType</key>
			<string>wrapper.framework</string>
			<key>name</key>
			<string>AWSLambda.framework</string>
			<key>path</key>
			<string>../../../../../../../../Downloads/aws-ios-sdk-2.3.6/frameworks/AWSLambda.framework</string>
			<key>sourceTree</key>
			<string>&lt;group&gt;</string>
		</dict>
		<key>C30295CF1CBCBD95005D6CD9</key>
		<dict>
			<key>isa</key>
			<string>PBXFileReference</string>
			<key>lastKnownFileType</key>
			<string>wrapper.framework</string>
			<key>name</key>
			<string>AWSMachineLearning.framework</string>
			<key>path</key>
			<string>../../../../../../../../Downloads/aws-ios-sdk-2.3.6/frameworks/AWSMachineLearning.framework</string>
			<key>sourceTree</key>
			<string>&lt;group&gt;</string>
		</dict>
		<key>C30295D01CBCBD95005D6CD9</key>
		<dict>
			<key>isa</key>
			<string>PBXFileReference</string>
			<key>lastKnownFileType</key>
			<string>wrapper.framework</string>
			<key>name</key>
			<string>AWSMobileAnalytics.framework</string>
			<key>path</key>
			<string>../../../../../../../../Downloads/aws-ios-sdk-2.3.6/frameworks/AWSMobileAnalytics.framework</string>
			<key>sourceTree</key>
			<string>&lt;group&gt;</string>
		</dict>
		<key>C30295D11CBCBD95005D6CD9</key>
		<dict>
			<key>isa</key>
			<string>PBXFileReference</string>
			<key>lastKnownFileType</key>
			<string>wrapper.framework</string>
			<key>name</key>
			<string>AWSS3.framework</string>
			<key>path</key>
			<string>../../../../../../../../Downloads/aws-ios-sdk-2.3.6/frameworks/AWSS3.framework</string>
			<key>sourceTree</key>
			<string>&lt;group&gt;</string>
		</dict>
		<key>C30295D21CBCBD95005D6CD9</key>
		<dict>
			<key>isa</key>
			<string>PBXFileReference</string>
			<key>lastKnownFileType</key>
			<string>wrapper.framework</string>
			<key>name</key>
			<string>AWSSES.framework</string>
			<key>path</key>
			<string>../../../../../../../../Downloads/aws-ios-sdk-2.3.6/frameworks/AWSSES.framework</string>
			<key>sourceTree</key>
			<string>&lt;group&gt;</string>
		</dict>
		<key>C30295D31CBCBD95005D6CD9</key>
		<dict>
			<key>isa</key>
			<string>PBXFileReference</string>
			<key>lastKnownFileType</key>
			<string>wrapper.framework</string>
			<key>name</key>
			<string>AWSSimpleDB.framework</string>
			<key>path</key>
			<string>../../../../../../../../Downloads/aws-ios-sdk-2.3.6/frameworks/AWSSimpleDB.framework</string>
			<key>sourceTree</key>
			<string>&lt;group&gt;</string>
		</dict>
		<key>C30295D41CBCBD95005D6CD9</key>
		<dict>
			<key>isa</key>
			<string>PBXFileReference</string>
			<key>lastKnownFileType</key>
			<string>wrapper.framework</string>
			<key>name</key>
			<string>AWSSNS.framework</string>
			<key>path</key>
			<string>../../../../../../../../Downloads/aws-ios-sdk-2.3.6/frameworks/AWSSNS.framework</string>
			<key>sourceTree</key>
			<string>&lt;group&gt;</string>
		</dict>
		<key>C30295D51CBCBD95005D6CD9</key>
		<dict>
			<key>isa</key>
			<string>PBXFileReference</string>
			<key>lastKnownFileType</key>
			<string>wrapper.framework</string>
			<key>name</key>
			<string>AWSSQS.framework</string>
			<key>path</key>
			<string>../../../../../../../../Downloads/aws-ios-sdk-2.3.6/frameworks/AWSSQS.framework</string>
			<key>sourceTree</key>
			<string>&lt;group&gt;</string>
		</dict>
		<key>C30295D61CBCBD95005D6CD9</key>
		<dict>
			<key>isa</key>
			<string>PBXFileReference</string>
			<key>lastKnownFileType</key>
			<string>folder</string>
			<key>name</key>
			<string>extras</string>
			<key>path</key>
			<string>../../../../../../../../Downloads/aws-ios-sdk-2.3.6/frameworks/extras</string>
			<key>sourceTree</key>
			<string>&lt;group&gt;</string>
		</dict>
		<key>C30295E81CBCBD95005D6CD9</key>
		<dict>
			<key>fileRef</key>
			<string>C30295D61CBCBD95005D6CD9</string>
			<key>isa</key>
			<string>PBXBuildFile</string>
		</dict>
		<key>C30295ED1CBCBDD4005D6CD9</key>
		<dict>
			<key>isa</key>
			<string>PBXFileReference</string>
			<key>lastKnownFileType</key>
			<string>wrapper.framework</string>
			<key>name</key>
			<string>CFNetwork.framework</string>
			<key>path</key>
			<string>System/Library/Frameworks/CFNetwork.framework</string>
			<key>sourceTree</key>
			<string>SDKROOT</string>
		</dict>
		<key>C30295EF1CBCBDDF005D6CD9</key>
		<dict>
			<key>isa</key>
			<string>PBXFileReference</string>
			<key>lastKnownFileType</key>
			<string>wrapper.framework</string>
			<key>name</key>
			<string>Security.framework</string>
			<key>path</key>
			<string>System/Library/Frameworks/Security.framework</string>
			<key>sourceTree</key>
			<string>SDKROOT</string>
		</dict>
		<key>C30295F11CBCBDEB005D6CD9</key>
		<dict>
			<key>isa</key>
			<string>PBXFileReference</string>
			<key>lastKnownFileType</key>
			<string>wrapper.framework</string>
			<key>name</key>
			<string>SystemConfiguration.framework</string>
			<key>path</key>
			<string>System/Library/Frameworks/SystemConfiguration.framework</string>
			<key>sourceTree</key>
			<string>SDKROOT</string>
		</dict>
		<key>C30295F31CBCBDF9005D6CD9</key>
		<dict>
			<key>isa</key>
			<string>PBXFileReference</string>
			<key>lastKnownFileType</key>
			<string>wrapper.framework</string>
			<key>name</key>
			<string>UIKit.framework</string>
			<key>path</key>
			<string>System/Library/Frameworks/UIKit.framework</string>
			<key>sourceTree</key>
			<string>SDKROOT</string>
		</dict>
		<key>C30295F71CBCC51E005D6CD9</key>
		<dict>
			<key>isa</key>
			<string>PBXFileReference</string>
			<key>lastKnownFileType</key>
			<string>sourcecode.text-based-dylib-definition</string>
			<key>name</key>
			<string>libz.1.2.5.tbd</string>
			<key>path</key>
			<string>usr/lib/libz.1.2.5.tbd</string>
			<key>sourceTree</key>
			<string>SDKROOT</string>
		</dict>
		<key>C30295FA1CBCC56F005D6CD9</key>
		<dict>
			<key>isa</key>
			<string>PBXFileReference</string>
			<key>lastKnownFileType</key>
			<string>sourcecode.text-based-dylib-definition</string>
			<key>name</key>
			<string>libsqlite3.0.tbd</string>
			<key>path</key>
			<string>usr/lib/libsqlite3.0.tbd</string>
			<key>sourceTree</key>
			<string>SDKROOT</string>
		</dict>
		<key>C3306FAC1C7F0223000207AB</key>
		<dict>
			<key>fileEncoding</key>
			<string>4</string>
			<key>isa</key>
			<string>PBXFileReference</string>
			<key>lastKnownFileType</key>
			<string>sourcecode.c.h</string>
			<key>path</key>
			<string>LoCal-Bridging-Header.h</string>
			<key>sourceTree</key>
			<string>SOURCE_ROOT</string>
		</dict>
		<key>C3306FAD1C7F03E8000207AB</key>
		<dict>
			<key>fileEncoding</key>
			<string>4</string>
			<key>isa</key>
			<string>PBXFileReference</string>
			<key>lastKnownFileType</key>
			<string>sourcecode.c.h</string>
			<key>path</key>
			<string>ALView+PureLayout.h</string>
			<key>sourceTree</key>
			<string>&lt;group&gt;</string>
		</dict>
		<key>C3306FAE1C7F03E8000207AB</key>
		<dict>
			<key>fileEncoding</key>
			<string>4</string>
			<key>isa</key>
			<string>PBXFileReference</string>
			<key>lastKnownFileType</key>
			<string>sourcecode.c.objc</string>
			<key>path</key>
			<string>ALView+PureLayout.m</string>
			<key>sourceTree</key>
			<string>&lt;group&gt;</string>
		</dict>
		<key>C3306FAF1C7F03E8000207AB</key>
		<dict>
			<key>fileEncoding</key>
			<string>4</string>
			<key>isa</key>
			<string>PBXFileReference</string>
			<key>lastKnownFileType</key>
			<string>sourcecode.c.h</string>
			<key>path</key>
			<string>NSArray+PureLayout.h</string>
			<key>sourceTree</key>
			<string>&lt;group&gt;</string>
		</dict>
		<key>C3306FB01C7F03E8000207AB</key>
		<dict>
			<key>fileEncoding</key>
			<string>4</string>
			<key>isa</key>
			<string>PBXFileReference</string>
			<key>lastKnownFileType</key>
			<string>sourcecode.c.objc</string>
			<key>path</key>
			<string>NSArray+PureLayout.m</string>
			<key>sourceTree</key>
			<string>&lt;group&gt;</string>
		</dict>
		<key>C3306FB11C7F03E8000207AB</key>
		<dict>
			<key>fileEncoding</key>
			<string>4</string>
			<key>isa</key>
			<string>PBXFileReference</string>
			<key>lastKnownFileType</key>
			<string>sourcecode.c.h</string>
			<key>path</key>
			<string>NSLayoutConstraint+PureLayout.h</string>
			<key>sourceTree</key>
			<string>&lt;group&gt;</string>
		</dict>
		<key>C3306FB21C7F03E8000207AB</key>
		<dict>
			<key>fileEncoding</key>
			<string>4</string>
			<key>isa</key>
			<string>PBXFileReference</string>
			<key>lastKnownFileType</key>
			<string>sourcecode.c.objc</string>
			<key>path</key>
			<string>NSLayoutConstraint+PureLayout.m</string>
			<key>sourceTree</key>
			<string>&lt;group&gt;</string>
		</dict>
		<key>C3306FB31C7F03E8000207AB</key>
		<dict>
			<key>fileEncoding</key>
			<string>4</string>
			<key>isa</key>
			<string>PBXFileReference</string>
			<key>lastKnownFileType</key>
			<string>sourcecode.c.h</string>
			<key>path</key>
			<string>PureLayout.h</string>
			<key>sourceTree</key>
			<string>&lt;group&gt;</string>
		</dict>
		<key>C3306FB41C7F03E8000207AB</key>
		<dict>
			<key>fileEncoding</key>
			<string>4</string>
			<key>isa</key>
			<string>PBXFileReference</string>
			<key>lastKnownFileType</key>
			<string>sourcecode.c.h</string>
			<key>path</key>
			<string>PureLayout+Internal.h</string>
			<key>sourceTree</key>
			<string>&lt;group&gt;</string>
		</dict>
		<key>C3306FB51C7F03E8000207AB</key>
		<dict>
			<key>fileEncoding</key>
			<string>4</string>
			<key>isa</key>
			<string>PBXFileReference</string>
			<key>lastKnownFileType</key>
			<string>sourcecode.c.h</string>
			<key>path</key>
			<string>PureLayoutDefines.h</string>
			<key>sourceTree</key>
			<string>&lt;group&gt;</string>
		</dict>
		<key>C3306FB61C7F03E8000207AB</key>
		<dict>
			<key>fileRef</key>
			<string>C3306FAE1C7F03E8000207AB</string>
			<key>isa</key>
			<string>PBXBuildFile</string>
		</dict>
		<key>C3306FB71C7F03E8000207AB</key>
		<dict>
			<key>fileRef</key>
			<string>C3306FB01C7F03E8000207AB</string>
			<key>isa</key>
			<string>PBXBuildFile</string>
		</dict>
		<key>C3306FB81C7F03E8000207AB</key>
		<dict>
			<key>fileRef</key>
			<string>C3306FB21C7F03E8000207AB</string>
			<key>isa</key>
			<string>PBXBuildFile</string>
		</dict>
		<key>C3306FBA1C7F043D000207AB</key>
		<dict>
			<key>children</key>
			<array>
				<string>C3306FAD1C7F03E8000207AB</string>
				<string>C3306FAE1C7F03E8000207AB</string>
				<string>C3306FAF1C7F03E8000207AB</string>
				<string>C3306FB01C7F03E8000207AB</string>
				<string>C3306FB11C7F03E8000207AB</string>
				<string>C3306FB21C7F03E8000207AB</string>
				<string>C3306FB31C7F03E8000207AB</string>
				<string>C3306FB41C7F03E8000207AB</string>
				<string>C3306FB51C7F03E8000207AB</string>
			</array>
			<key>isa</key>
			<string>PBXGroup</string>
			<key>name</key>
			<string>PureLayout</string>
			<key>sourceTree</key>
			<string>&lt;group&gt;</string>
		</dict>
		<key>C36F5B2B1C8F6A8D00791E9F</key>
		<dict>
			<key>fileEncoding</key>
			<string>4</string>
			<key>isa</key>
			<string>PBXFileReference</string>
			<key>lastKnownFileType</key>
			<string>sourcecode.swift</string>
			<key>path</key>
			<string>CalendarManager.swift</string>
			<key>sourceTree</key>
			<string>&lt;group&gt;</string>
		</dict>
		<key>C36F5B2C1C8F6A8D00791E9F</key>
		<dict>
			<key>fileRef</key>
			<string>C36F5B2B1C8F6A8D00791E9F</string>
			<key>isa</key>
			<string>PBXBuildFile</string>
		</dict>
		<key>C36F5B2D1C90C16C00791E9F</key>
		<dict>
			<key>fileEncoding</key>
			<string>4</string>
			<key>isa</key>
			<string>PBXFileReference</string>
			<key>lastKnownFileType</key>
			<string>sourcecode.swift</string>
			<key>path</key>
			<string>CircleIndicator.swift</string>
			<key>sourceTree</key>
			<string>&lt;group&gt;</string>
		</dict>
		<key>C36F5B2E1C90C16C00791E9F</key>
		<dict>
			<key>fileRef</key>
			<string>C36F5B2D1C90C16C00791E9F</string>
			<key>isa</key>
			<string>PBXBuildFile</string>
		</dict>
		<key>C3856F5E1C8E5AC00089B502</key>
		<dict>
			<key>fileEncoding</key>
			<string>4</string>
			<key>isa</key>
			<string>PBXFileReference</string>
			<key>lastKnownFileType</key>
			<string>sourcecode.swift</string>
			<key>path</key>
			<string>AddLocationViewController.swift</string>
			<key>sourceTree</key>
			<string>&lt;group&gt;</string>
		</dict>
		<key>C3856F5F1C8E5AC00089B502</key>
		<dict>
			<key>fileRef</key>
			<string>C3856F5E1C8E5AC00089B502</string>
			<key>isa</key>
			<string>PBXBuildFile</string>
		</dict>
		<key>C3856F601C8E5FC60089B502</key>
		<dict>
			<key>fileEncoding</key>
			<string>4</string>
			<key>isa</key>
			<string>PBXFileReference</string>
			<key>lastKnownFileType</key>
			<string>sourcecode.swift</string>
			<key>path</key>
			<string>EventView.swift</string>
			<key>sourceTree</key>
			<string>&lt;group&gt;</string>
		</dict>
		<key>C3856F611C8E5FC60089B502</key>
		<dict>
			<key>fileRef</key>
			<string>C3856F601C8E5FC60089B502</string>
			<key>isa</key>
			<string>PBXBuildFile</string>
		</dict>
		<key>C388D07F1C93890700D82E4D</key>
		<dict>
			<key>fileEncoding</key>
			<string>4</string>
			<key>isa</key>
			<string>PBXFileReference</string>
			<key>lastKnownFileType</key>
			<string>sourcecode.swift</string>
			<key>path</key>
			<string>TwoButtonOnBottom.swift</string>
			<key>sourceTree</key>
			<string>&lt;group&gt;</string>
		</dict>
		<key>C388D0801C93890700D82E4D</key>
		<dict>
			<key>fileRef</key>
			<string>C388D07F1C93890700D82E4D</string>
			<key>isa</key>
			<string>PBXBuildFile</string>
		</dict>
		<key>C393CD6E1C8D41A100285F39</key>
		<dict>
			<key>fileEncoding</key>
			<string>4</string>
			<key>isa</key>
			<string>PBXFileReference</string>
			<key>lastKnownFileType</key>
			<string>sourcecode.swift</string>
			<key>path</key>
			<string>CalendarEventCell.swift</string>
			<key>sourceTree</key>
			<string>&lt;group&gt;</string>
		</dict>
		<key>C393CD6F1C8D41A100285F39</key>
		<dict>
			<key>fileRef</key>
			<string>C393CD6E1C8D41A100285F39</string>
			<key>isa</key>
			<string>PBXBuildFile</string>
		</dict>
		<key>C393CD721C8D435200285F39</key>
		<dict>
			<key>fileEncoding</key>
			<string>4</string>
			<key>isa</key>
			<string>PBXFileReference</string>
			<key>lastKnownFileType</key>
			<string>sourcecode.swift</string>
			<key>path</key>
			<string>CalendarDateCell.swift</string>
			<key>sourceTree</key>
			<string>&lt;group&gt;</string>
		</dict>
		<key>C393CD731C8D435200285F39</key>
		<dict>
			<key>fileRef</key>
			<string>C393CD721C8D435200285F39</string>
			<key>isa</key>
			<string>PBXBuildFile</string>
		</dict>
		<key>C3CFFA671C7CF8220061E7B6</key>
		<dict>
			<key>children</key>
			<array>
				<string>C3CFFA721C7CF8230061E7B6</string>
				<string>C3CFFA711C7CF8220061E7B6</string>
				<string>E1FE835ED4F6D377BE416B27</string>
				<string>4764DD8962170C3802DCFC9D</string>
			</array>
			<key>isa</key>
			<string>PBXGroup</string>
			<key>sourceTree</key>
			<string>&lt;group&gt;</string>
		</dict>
		<key>C3CFFA681C7CF8220061E7B6</key>
		<dict>
			<key>attributes</key>
			<dict>
				<key>LastSwiftUpdateCheck</key>
				<string>0720</string>
				<key>LastUpgradeCheck</key>
				<string>0720</string>
				<key>ORGANIZATIONNAME</key>
				<string>Skysoft</string>
				<key>TargetAttributes</key>
				<dict>
					<key>C3CFFA6F1C7CF8220061E7B6</key>
					<dict>
						<key>CreatedOnToolsVersion</key>
						<string>7.2.1</string>
						<key>DevelopmentTeam</key>
						<string>F63F9F65P7</string>
						<key>SystemCapabilities</key>
						<dict>
							<key>com.apple.BackgroundModes</key>
							<dict>
								<key>enabled</key>
								<string>1</string>
							</dict>
							<key>com.apple.Maps.iOS</key>
							<dict>
								<key>enabled</key>
								<string>0</string>
							</dict>
						</dict>
					</dict>
				</dict>
			</dict>
			<key>buildConfigurationList</key>
			<string>C3CFFA6B1C7CF8220061E7B6</string>
			<key>compatibilityVersion</key>
			<string>Xcode 3.2</string>
			<key>developmentRegion</key>
			<string>English</string>
			<key>hasScannedForEncodings</key>
			<string>0</string>
			<key>isa</key>
			<string>PBXProject</string>
			<key>knownRegions</key>
			<array>
				<string>en</string>
				<string>Base</string>
			</array>
			<key>mainGroup</key>
			<string>C3CFFA671C7CF8220061E7B6</string>
			<key>productRefGroup</key>
			<string>C3CFFA711C7CF8220061E7B6</string>
			<key>projectDirPath</key>
			<string></string>
			<key>projectReferences</key>
			<array/>
			<key>projectRoot</key>
			<string></string>
			<key>targets</key>
			<array>
				<string>C3CFFA6F1C7CF8220061E7B6</string>
			</array>
		</dict>
		<key>C3CFFA6B1C7CF8220061E7B6</key>
		<dict>
			<key>buildConfigurations</key>
			<array>
				<string>C3CFFA801C7CF8230061E7B6</string>
				<string>C3CFFA811C7CF8230061E7B6</string>
			</array>
			<key>defaultConfigurationIsVisible</key>
			<string>0</string>
			<key>defaultConfigurationName</key>
			<string>Release</string>
			<key>isa</key>
			<string>XCConfigurationList</string>
		</dict>
		<key>C3CFFA6C1C7CF8220061E7B6</key>
		<dict>
			<key>buildActionMask</key>
			<string>2147483647</string>
			<key>files</key>
			<array>
				<string>C393CD6F1C8D41A100285F39</string>
				<string>C393CD731C8D435200285F39</string>
				<string>C3CFFA761C7CF8230061E7B6</string>
				<string>C3856F611C8E5FC60089B502</string>
				<string>AF060EA01C878B22002AEDDC</string>
				<string>C3CFFA741C7CF8230061E7B6</string>
				<string>C3856F5F1C8E5AC00089B502</string>
				<string>C3CFFA861C7CF8460061E7B6</string>
				<string>C3306FB61C7F03E8000207AB</string>
				<string>C36F5B2E1C90C16C00791E9F</string>
				<string>C388D0801C93890700D82E4D</string>
				<string>C3306FB71C7F03E8000207AB</string>
				<string>C3306FB81C7F03E8000207AB</string>
				<string>C3E8B5FA1C86E0B500C0D535</string>
				<string>C36F5B2C1C8F6A8D00791E9F</string>
			</array>
			<key>isa</key>
			<string>PBXSourcesBuildPhase</string>
			<key>runOnlyForDeploymentPostprocessing</key>
			<string>0</string>
		</dict>
		<key>C3CFFA6D1C7CF8220061E7B6</key>
		<dict>
			<key>buildActionMask</key>
			<string>2147483647</string>
			<key>files</key>
			<array>
				<string>7A8C49071894B7426FE4D641</string>
			</array>
			<key>isa</key>
			<string>PBXFrameworksBuildPhase</string>
			<key>runOnlyForDeploymentPostprocessing</key>
			<string>0</string>
		</dict>
		<key>C3CFFA6E1C7CF8220061E7B6</key>
		<dict>
			<key>buildActionMask</key>
			<string>2147483647</string>
			<key>files</key>
			<array>
				<string>C3CFFA7E1C7CF8230061E7B6</string>
				<string>C30295E81CBCBD95005D6CD9</string>
				<string>C3CFFA7B1C7CF8230061E7B6</string>
				<string>C3CFFA791C7CF8230061E7B6</string>
			</array>
			<key>isa</key>
			<string>PBXResourcesBuildPhase</string>
			<key>runOnlyForDeploymentPostprocessing</key>
			<string>0</string>
		</dict>
		<key>C3CFFA6F1C7CF8220061E7B6</key>
		<dict>
			<key>buildConfigurationList</key>
			<string>C3CFFA821C7CF8230061E7B6</string>
			<key>buildPhases</key>
			<array>
				<string>A61A422440309147B8449AFB</string>
				<string>C3CFFA6C1C7CF8220061E7B6</string>
				<string>C3CFFA6D1C7CF8220061E7B6</string>
				<string>C3CFFA6E1C7CF8220061E7B6</string>
				<string>9C30BB68E7CE4E7FAE066752</string>
				<string>804350686EFCBDB4DE0C952D</string>
			</array>
			<key>buildRules</key>
			<array/>
			<key>dependencies</key>
			<array/>
			<key>isa</key>
			<string>PBXNativeTarget</string>
			<key>name</key>
			<string>LoCal</string>
			<key>productName</key>
			<string>LoCal</string>
			<key>productReference</key>
			<string>C3CFFA701C7CF8220061E7B6</string>
			<key>productType</key>
			<string>com.apple.product-type.application</string>
		</dict>
		<key>C3CFFA701C7CF8220061E7B6</key>
		<dict>
			<key>explicitFileType</key>
			<string>wrapper.application</string>
			<key>includeInIndex</key>
			<string>0</string>
			<key>isa</key>
			<string>PBXFileReference</string>
			<key>path</key>
			<string>LoCal.app</string>
			<key>sourceTree</key>
			<string>BUILT_PRODUCTS_DIR</string>
		</dict>
		<key>C3CFFA711C7CF8220061E7B6</key>
		<dict>
			<key>children</key>
			<array>
				<string>C3CFFA701C7CF8220061E7B6</string>
			</array>
			<key>isa</key>
			<string>PBXGroup</string>
			<key>name</key>
			<string>Products</string>
			<key>sourceTree</key>
			<string>&lt;group&gt;</string>
		</dict>
		<key>C3CFFA721C7CF8230061E7B6</key>
		<dict>
			<key>children</key>
			<array>
				<string>C3306FAC1C7F0223000207AB</string>
				<string>C3306FBA1C7F043D000207AB</string>
				<string>C3CFFA731C7CF8230061E7B6</string>
				<string>C3CFFA751C7CF8230061E7B6</string>
				<string>C36F5B2B1C8F6A8D00791E9F</string>
				<string>C3856F601C8E5FC60089B502</string>
				<string>C36F5B2D1C90C16C00791E9F</string>
				<string>C393CD6E1C8D41A100285F39</string>
				<string>C393CD721C8D435200285F39</string>
				<string>C3E8B5F91C86E0B500C0D535</string>
				<string>C3CFFA851C7CF8460061E7B6</string>
				<string>C3CFFA771C7CF8230061E7B6</string>
				<string>C3CFFA7A1C7CF8230061E7B6</string>
				<string>C3CFFA7C1C7CF8230061E7B6</string>
				<string>C3CFFA7F1C7CF8230061E7B6</string>
				<string>AF060E9F1C878B22002AEDDC</string>
				<string>C3856F5E1C8E5AC00089B502</string>
				<string>C388D07F1C93890700D82E4D</string>
			</array>
			<key>isa</key>
			<string>PBXGroup</string>
			<key>path</key>
			<string>LoCal</string>
			<key>sourceTree</key>
			<string>&lt;group&gt;</string>
		</dict>
		<key>C3CFFA731C7CF8230061E7B6</key>
		<dict>
			<key>isa</key>
			<string>PBXFileReference</string>
			<key>lastKnownFileType</key>
			<string>sourcecode.swift</string>
			<key>path</key>
			<string>AppDelegate.swift</string>
			<key>sourceTree</key>
			<string>&lt;group&gt;</string>
		</dict>
		<key>C3CFFA741C7CF8230061E7B6</key>
		<dict>
			<key>fileRef</key>
			<string>C3CFFA731C7CF8230061E7B6</string>
			<key>isa</key>
			<string>PBXBuildFile</string>
		</dict>
		<key>C3CFFA751C7CF8230061E7B6</key>
		<dict>
			<key>isa</key>
			<string>PBXFileReference</string>
			<key>lastKnownFileType</key>
			<string>sourcecode.swift</string>
			<key>path</key>
			<string>ViewController.swift</string>
			<key>sourceTree</key>
			<string>&lt;group&gt;</string>
		</dict>
		<key>C3CFFA761C7CF8230061E7B6</key>
		<dict>
			<key>fileRef</key>
			<string>C3CFFA751C7CF8230061E7B6</string>
			<key>isa</key>
			<string>PBXBuildFile</string>
		</dict>
		<key>C3CFFA771C7CF8230061E7B6</key>
		<dict>
			<key>children</key>
			<array>
				<string>C3CFFA781C7CF8230061E7B6</string>
			</array>
			<key>isa</key>
			<string>PBXVariantGroup</string>
			<key>name</key>
			<string>Main.storyboard</string>
			<key>sourceTree</key>
			<string>&lt;group&gt;</string>
		</dict>
		<key>C3CFFA781C7CF8230061E7B6</key>
		<dict>
			<key>isa</key>
			<string>PBXFileReference</string>
			<key>lastKnownFileType</key>
			<string>file.storyboard</string>
			<key>name</key>
			<string>Base</string>
			<key>path</key>
			<string>Base.lproj/Main.storyboard</string>
			<key>sourceTree</key>
			<string>&lt;group&gt;</string>
		</dict>
		<key>C3CFFA791C7CF8230061E7B6</key>
		<dict>
			<key>fileRef</key>
			<string>C3CFFA771C7CF8230061E7B6</string>
			<key>isa</key>
			<string>PBXBuildFile</string>
		</dict>
		<key>C3CFFA7A1C7CF8230061E7B6</key>
		<dict>
			<key>isa</key>
			<string>PBXFileReference</string>
			<key>lastKnownFileType</key>
			<string>folder.assetcatalog</string>
			<key>path</key>
			<string>Assets.xcassets</string>
			<key>sourceTree</key>
			<string>&lt;group&gt;</string>
		</dict>
		<key>C3CFFA7B1C7CF8230061E7B6</key>
		<dict>
			<key>fileRef</key>
			<string>C3CFFA7A1C7CF8230061E7B6</string>
			<key>isa</key>
			<string>PBXBuildFile</string>
		</dict>
		<key>C3CFFA7C1C7CF8230061E7B6</key>
		<dict>
			<key>children</key>
			<array>
				<string>C3CFFA7D1C7CF8230061E7B6</string>
			</array>
			<key>isa</key>
			<string>PBXVariantGroup</string>
			<key>name</key>
			<string>LaunchScreen.storyboard</string>
			<key>sourceTree</key>
			<string>&lt;group&gt;</string>
		</dict>
		<key>C3CFFA7D1C7CF8230061E7B6</key>
		<dict>
			<key>isa</key>
			<string>PBXFileReference</string>
			<key>lastKnownFileType</key>
			<string>file.storyboard</string>
			<key>name</key>
			<string>Base</string>
			<key>path</key>
			<string>Base.lproj/LaunchScreen.storyboard</string>
			<key>sourceTree</key>
			<string>&lt;group&gt;</string>
		</dict>
		<key>C3CFFA7E1C7CF8230061E7B6</key>
		<dict>
			<key>fileRef</key>
			<string>C3CFFA7C1C7CF8230061E7B6</string>
			<key>isa</key>
			<string>PBXBuildFile</string>
		</dict>
		<key>C3CFFA7F1C7CF8230061E7B6</key>
		<dict>
			<key>isa</key>
			<string>PBXFileReference</string>
			<key>lastKnownFileType</key>
			<string>text.plist.xml</string>
			<key>path</key>
			<string>Info.plist</string>
			<key>sourceTree</key>
			<string>&lt;group&gt;</string>
		</dict>
		<key>C3CFFA801C7CF8230061E7B6</key>
		<dict>
			<key>buildSettings</key>
			<dict>
				<key>ALWAYS_SEARCH_USER_PATHS</key>
				<string>NO</string>
				<key>CLANG_CXX_LANGUAGE_STANDARD</key>
				<string>gnu++0x</string>
				<key>CLANG_CXX_LIBRARY</key>
				<string>libc++</string>
				<key>CLANG_ENABLE_MODULES</key>
				<string>YES</string>
				<key>CLANG_ENABLE_OBJC_ARC</key>
				<string>YES</string>
				<key>CLANG_WARN_BOOL_CONVERSION</key>
				<string>YES</string>
				<key>CLANG_WARN_CONSTANT_CONVERSION</key>
				<string>YES</string>
				<key>CLANG_WARN_DIRECT_OBJC_ISA_USAGE</key>
				<string>YES_ERROR</string>
				<key>CLANG_WARN_EMPTY_BODY</key>
				<string>YES</string>
				<key>CLANG_WARN_ENUM_CONVERSION</key>
				<string>YES</string>
				<key>CLANG_WARN_INT_CONVERSION</key>
				<string>YES</string>
				<key>CLANG_WARN_OBJC_ROOT_CLASS</key>
				<string>YES_ERROR</string>
				<key>CLANG_WARN_UNREACHABLE_CODE</key>
				<string>YES</string>
				<key>CLANG_WARN__DUPLICATE_METHOD_MATCH</key>
				<string>YES</string>
				<key>CODE_SIGN_IDENTITY[sdk=iphoneos*]</key>
				<string>iPhone Developer</string>
				<key>COPY_PHASE_STRIP</key>
				<string>NO</string>
				<key>DEBUG_INFORMATION_FORMAT</key>
				<string>dwarf</string>
				<key>ENABLE_STRICT_OBJC_MSGSEND</key>
				<string>YES</string>
				<key>ENABLE_TESTABILITY</key>
				<string>YES</string>
				<key>GCC_C_LANGUAGE_STANDARD</key>
				<string>gnu99</string>
				<key>GCC_DYNAMIC_NO_PIC</key>
				<string>NO</string>
				<key>GCC_NO_COMMON_BLOCKS</key>
				<string>YES</string>
				<key>GCC_OPTIMIZATION_LEVEL</key>
				<string>0</string>
				<key>GCC_PREPROCESSOR_DEFINITIONS</key>
				<array>
					<string>DEBUG=1</string>
					<string>$(inherited)</string>
				</array>
				<key>GCC_WARN_64_TO_32_BIT_CONVERSION</key>
				<string>YES</string>
				<key>GCC_WARN_ABOUT_RETURN_TYPE</key>
				<string>YES_ERROR</string>
				<key>GCC_WARN_UNDECLARED_SELECTOR</key>
				<string>YES</string>
				<key>GCC_WARN_UNINITIALIZED_AUTOS</key>
				<string>YES_AGGRESSIVE</string>
				<key>GCC_WARN_UNUSED_FUNCTION</key>
				<string>YES</string>
				<key>GCC_WARN_UNUSED_VARIABLE</key>
				<string>YES</string>
				<key>IPHONEOS_DEPLOYMENT_TARGET</key>
				<string>9.2</string>
				<key>MTL_ENABLE_DEBUG_INFO</key>
				<string>YES</string>
				<key>ONLY_ACTIVE_ARCH</key>
				<string>YES</string>
				<key>SDKROOT</key>
				<string>iphoneos</string>
				<key>SWIFT_OPTIMIZATION_LEVEL</key>
				<string>-Onone</string>
			</dict>
			<key>isa</key>
			<string>XCBuildConfiguration</string>
			<key>name</key>
			<string>Debug</string>
		</dict>
		<key>C3CFFA811C7CF8230061E7B6</key>
		<dict>
			<key>buildSettings</key>
			<dict>
				<key>ALWAYS_SEARCH_USER_PATHS</key>
				<string>NO</string>
				<key>CLANG_CXX_LANGUAGE_STANDARD</key>
				<string>gnu++0x</string>
				<key>CLANG_CXX_LIBRARY</key>
				<string>libc++</string>
				<key>CLANG_ENABLE_MODULES</key>
				<string>YES</string>
				<key>CLANG_ENABLE_OBJC_ARC</key>
				<string>YES</string>
				<key>CLANG_WARN_BOOL_CONVERSION</key>
				<string>YES</string>
				<key>CLANG_WARN_CONSTANT_CONVERSION</key>
				<string>YES</string>
				<key>CLANG_WARN_DIRECT_OBJC_ISA_USAGE</key>
				<string>YES_ERROR</string>
				<key>CLANG_WARN_EMPTY_BODY</key>
				<string>YES</string>
				<key>CLANG_WARN_ENUM_CONVERSION</key>
				<string>YES</string>
				<key>CLANG_WARN_INT_CONVERSION</key>
				<string>YES</string>
				<key>CLANG_WARN_OBJC_ROOT_CLASS</key>
				<string>YES_ERROR</string>
				<key>CLANG_WARN_UNREACHABLE_CODE</key>
				<string>YES</string>
				<key>CLANG_WARN__DUPLICATE_METHOD_MATCH</key>
				<string>YES</string>
				<key>CODE_SIGN_IDENTITY[sdk=iphoneos*]</key>
				<string>iPhone Developer</string>
				<key>COPY_PHASE_STRIP</key>
				<string>NO</string>
				<key>DEBUG_INFORMATION_FORMAT</key>
				<string>dwarf-with-dsym</string>
				<key>ENABLE_NS_ASSERTIONS</key>
				<string>NO</string>
				<key>ENABLE_STRICT_OBJC_MSGSEND</key>
				<string>YES</string>
				<key>GCC_C_LANGUAGE_STANDARD</key>
				<string>gnu99</string>
				<key>GCC_NO_COMMON_BLOCKS</key>
				<string>YES</string>
				<key>GCC_WARN_64_TO_32_BIT_CONVERSION</key>
				<string>YES</string>
				<key>GCC_WARN_ABOUT_RETURN_TYPE</key>
				<string>YES_ERROR</string>
				<key>GCC_WARN_UNDECLARED_SELECTOR</key>
				<string>YES</string>
				<key>GCC_WARN_UNINITIALIZED_AUTOS</key>
				<string>YES_AGGRESSIVE</string>
				<key>GCC_WARN_UNUSED_FUNCTION</key>
				<string>YES</string>
				<key>GCC_WARN_UNUSED_VARIABLE</key>
				<string>YES</string>
				<key>IPHONEOS_DEPLOYMENT_TARGET</key>
				<string>9.2</string>
				<key>MTL_ENABLE_DEBUG_INFO</key>
				<string>NO</string>
				<key>SDKROOT</key>
				<string>iphoneos</string>
				<key>VALIDATE_PRODUCT</key>
				<string>YES</string>
			</dict>
			<key>isa</key>
			<string>XCBuildConfiguration</string>
			<key>name</key>
			<string>Release</string>
		</dict>
		<key>C3CFFA821C7CF8230061E7B6</key>
		<dict>
			<key>buildConfigurations</key>
			<array>
				<string>C3CFFA831C7CF8230061E7B6</string>
				<string>C3CFFA841C7CF8230061E7B6</string>
			</array>
			<key>defaultConfigurationIsVisible</key>
			<string>0</string>
			<key>defaultConfigurationName</key>
			<string>Release</string>
			<key>isa</key>
			<string>XCConfigurationList</string>
		</dict>
		<key>C3CFFA831C7CF8230061E7B6</key>
		<dict>
			<key>baseConfigurationReference</key>
			<string>11EF0652FE716C91E5D9DB88</string>
			<key>buildSettings</key>
			<dict>
				<key>ASSETCATALOG_COMPILER_APPICON_NAME</key>
				<string>AppIcon</string>
				<key>CODE_SIGN_IDENTITY</key>
				<string>iPhone Developer</string>
				<key>CODE_SIGN_IDENTITY[sdk=iphoneos*]</key>
				<string>iPhone Developer</string>
				<key>INFOPLIST_FILE</key>
				<string>LoCal/Info.plist</string>
				<key>LD_RUNPATH_SEARCH_PATHS</key>
				<string>$(inherited) @executable_path/Frameworks</string>
				<key>LIBRARY_SEARCH_PATHS</key>
				<array>
					<string>$(inherited)</string>
					<string>$(PROJECT_DIR)/build/Debug-iphoneos</string>
				</array>
				<key>PRODUCT_BUNDLE_IDENTIFIER</key>
				<string>Tyler-Reardon</string>
				<key>PRODUCT_NAME</key>
				<string>$(TARGET_NAME)</string>
				<key>PROVISIONING_PROFILE</key>
				<string></string>
				<key>SWIFT_OBJC_BRIDGING_HEADER</key>
				<string>LoCal-Bridging-Header.h</string>
			</dict>
			<key>isa</key>
			<string>XCBuildConfiguration</string>
			<key>name</key>
			<string>Debug</string>
		</dict>
		<key>C3CFFA841C7CF8230061E7B6</key>
		<dict>
			<key>baseConfigurationReference</key>
			<string>68F4E437CA21888901F9D2E2</string>
			<key>buildSettings</key>
			<dict>
				<key>ASSETCATALOG_COMPILER_APPICON_NAME</key>
				<string>AppIcon</string>
				<key>CODE_SIGN_IDENTITY</key>
				<string>iPhone Developer</string>
				<key>CODE_SIGN_IDENTITY[sdk=iphoneos*]</key>
				<string>iPhone Developer</string>
				<key>INFOPLIST_FILE</key>
				<string>LoCal/Info.plist</string>
				<key>LD_RUNPATH_SEARCH_PATHS</key>
				<string>$(inherited) @executable_path/Frameworks</string>
				<key>LIBRARY_SEARCH_PATHS</key>
				<array>
					<string>$(inherited)</string>
					<string>$(PROJECT_DIR)/build/Debug-iphoneos</string>
				</array>
				<key>PRODUCT_BUNDLE_IDENTIFIER</key>
				<string>Tyler-Reardon</string>
				<key>PRODUCT_NAME</key>
				<string>$(TARGET_NAME)</string>
				<key>PROVISIONING_PROFILE</key>
				<string></string>
				<key>SWIFT_OBJC_BRIDGING_HEADER</key>
				<string>LoCal-Bridging-Header.h</string>
			</dict>
			<key>isa</key>
			<string>XCBuildConfiguration</string>
			<key>name</key>
			<string>Release</string>
		</dict>
		<key>C3CFFA851C7CF8460061E7B6</key>
		<dict>
			<key>fileEncoding</key>
			<string>4</string>
			<key>isa</key>
			<string>PBXFileReference</string>
			<key>lastKnownFileType</key>
			<string>sourcecode.swift</string>
			<key>path</key>
			<string>LocationManager.swift</string>
			<key>sourceTree</key>
			<string>&lt;group&gt;</string>
		</dict>
		<key>C3CFFA861C7CF8460061E7B6</key>
		<dict>
			<key>fileRef</key>
			<string>C3CFFA851C7CF8460061E7B6</string>
			<key>isa</key>
			<string>PBXBuildFile</string>
		</dict>
		<key>C3E8B5F91C86E0B500C0D535</key>
		<dict>
			<key>fileEncoding</key>
			<string>4</string>
			<key>isa</key>
			<string>PBXFileReference</string>
			<key>lastKnownFileType</key>
			<string>sourcecode.swift</string>
			<key>path</key>
			<string>NavButton.swift</string>
			<key>sourceTree</key>
			<string>&lt;group&gt;</string>
		</dict>
		<key>C3E8B5FA1C86E0B500C0D535</key>
		<dict>
			<key>fileRef</key>
			<string>C3E8B5F91C86E0B500C0D535</string>
			<key>isa</key>
			<string>PBXBuildFile</string>
		</dict>
		<key>E1FE835ED4F6D377BE416B27</key>
		<dict>
			<key>children</key>
			<array>
				<string>11EF0652FE716C91E5D9DB88</string>
				<string>68F4E437CA21888901F9D2E2</string>
			</array>
			<key>isa</key>
			<string>PBXGroup</string>
			<key>name</key>
			<string>Pods</string>
			<key>sourceTree</key>
			<string>&lt;group&gt;</string>
		</dict>
	</dict>
	<key>rootObject</key>
	<string>C3CFFA681C7CF8220061E7B6</string>
</dict>
</plist>
